<?xml version="1.0" encoding="utf-8"?>
<Project ToolsVersion="4.0" xmlns="http://schemas.microsoft.com/developer/msbuild/2003">
  <ItemGroup>
    <ClCompile Include="connection.c" />
    <ClCompile Include="da.c" />
    <ClCompile Include="dns.c" />
    <ClCompile Include="dumpstats.c" />
    <ClCompile Include="ev_epoll.c" />
    <ClCompile Include="ev_kqueue.c" />
    <ClCompile Include="ev_poll.c" />
    <ClCompile Include="ev_select.c" />
    <ClCompile Include="fd.c" />
    <ClCompile Include="filters.c" />
    <ClCompile Include="flt_http_comp.c" />
    <ClCompile Include="flt_trace.c" />
    <ClCompile Include="freq_ctr.c" />
    <ClCompile Include="frontend.c" />
    <ClCompile Include="haproxy.c" />
    <ClCompile Include="haproxy-systemd-wrapper.c" />
    <ClCompile Include="hash.c" />
    <ClCompile Include="hdr_idx.c" />
    <ClCompile Include="hlua.c" />
    <ClCompile Include="hlua_fcn.c" />
    <ClCompile Include="i386-linux-vsys.c" />
    <ClCompile Include="lb_chash.c" />
    <ClCompile Include="lb_fas.c" />
    <ClCompile Include="lb_fwlc.c" />
    <ClCompile Include="lb_fwrr.c" />
    <ClCompile Include="lb_map.c" />
    <ClCompile Include="listener.c" />
    <ClCompile Include="log.c" />
    <ClCompile Include="lru.c" />
    <ClCompile Include="mailers.c" />
    <ClCompile Include="map.c" />
    <ClCompile Include="memory.c" />
    <ClCompile Include="namespace.c" />
    <ClCompile Include="pattern.c" />
    <ClCompile Include="payload.c" />
    <ClCompile Include="peers.c" />
    <ClCompile Include="pipe.c" />
    <ClCompile Include="proto_http.c" />
    <ClCompile Include="proto_tcp.c" />
    <ClCompile Include="proto_udp.c" />
    <ClCompile Include="proto_uxst.c" />
    <ClCompile Include="protocol.c" />
    <ClCompile Include="proxy.c" />
    <ClCompile Include="queue.c" />
    <ClCompile Include="raw_sock.c" />
    <ClCompile Include="rbtree.c" />
    <ClCompile Include="regex.c" />
    <ClCompile Include="sample.c" />
    <ClCompile Include="server.c" />
    <ClCompile Include="session.c" />
    <ClCompile Include="shctx.c" />
    <ClCompile Include="signal.c" />
    <ClCompile Include="ssl_sock.c" />
    <ClCompile Include="standard.c" />
    <ClCompile Include="stick_table.c" />
    <ClCompile Include="stream.c" />
    <ClCompile Include="stream_interface.c" />
    <ClCompile Include="task.c" />
    <ClCompile Include="time.c" />
    <ClCompile Include="trace.c" />
    <ClCompile Include="uri_auth.c" />
    <ClCompile Include="vars.c" />
    <ClCompile Include="xxhash.c" />
    <ClCompile Include="51d.c" />
    <ClCompile Include="acl.c" />
    <ClCompile Include="applet.c" />
    <ClCompile Include="arg.c" />
    <ClCompile Include="auth.c" />
    <ClCompile Include="backend.c" />
    <ClCompile Include="base64.c" />
    <ClCompile Include="buffer.c" />
    <ClCompile Include="cfgparse.c" />
    <ClCompile Include="channel.c" />
    <ClCompile Include="checks.c" />
    <ClCompile Include="chunk.c" />
    <ClCompile Include="compression.c" />
  </ItemGroup>
</Project>